
Microsoft Visual Studio Solution File, Format Version 12.00
# Visual Studio Version 17
VisualStudioVersion = 17.0.32126.317
MinimumVisualStudioVersion = 10.0.40219.1
Project("{FAE04EC0-301F-11D3-BF4B-00C04F79EFBC}") = "Class", "Class.csproj", "{A49D2451-67AF-4BF9-AAA9-6159F0F32FCC}"
EndProject
Global
	GlobalSection(SolutionConfigurationPlatforms) = preSolution
		Debug|Any CPU = Debug|Any CPU
		Release|Any CPU = Release|Any CPU
	EndGlobalSection
	GlobalSection(ProjectConfigurationPlatforms) = postSolution
		{A49D2451-67AF-4BF9-AAA9-6159F0F32FCC}.Debug|Any CPU.ActiveCfg = Debug|Any CPU
		{A49D2451-67AF-4BF9-AAA9-6159F0F32FCC}.Debug|Any CPU.Build.0 = Debug|Any CPU
		{A49D2451-67AF-4BF9-AAA9-6159F0F32FCC}.Release|Any CPU.ActiveCfg = Release|Any CPU
		{A49D2451-67AF-4BF9-AAA9-6159F0F32FCC}.Release|Any CPU.Build.0 = Release|Any CPU
	EndGlobalSection
	GlobalSection(SolutionProperties) = preSolution
		HideSolutionNode = FALSE
	EndGlobalSection
	GlobalSection(ExtensibilityGlobals) = postSolution
		SolutionGuid = {C04BB4B5-E0C2-4A2E-BB01-4A977452B4D3}
	EndGlobalSection
EndGlobal
